// !$*UTF8*$!
{
	archiveVersion = 1;
	classes = {
	};
	objectVersion = 56;
	objects = {

/* Begin PBXBuildFile section */
		AA11000000000001 /* macRARApp.swift in Sources */ = {isa = PBXBuildFile; fileRef = AA22000000000002 /* macRARApp.swift */; };
		AA11000000000002 /* ContentView.swift in Sources */ = {isa = PBXBuildFile; fileRef = AA22000000000003 /* ContentView.swift */; };
		AA11000000000003 /* Assets.xcassets in Resources */ = {isa = PBXBuildFile; fileRef = AA22000000000004 /* Assets.xcassets */; };
		AA11000000000004 /* rar in Resources */ = {isa = PBXBuildFile; fileRef = AA22000000000006 /* rar */; };
		AA11000000000005 /* AboutView.swift in Sources */ = {isa = PBXBuildFile; fileRef = AA22000000000007 /* AboutView.swift */; };
/* End PBXBuildFile section */

/* Begin PBXFileReference section */
		AA22000000000001 /* macRAR.app */ = {isa = PBXFileReference; explicitFileType = wrapper.application; includeInIndex = 0; path = macRAR.app; sourceTree = BUILT_PRODUCTS_DIR; };
		AA22000000000002 /* macRARApp.swift */ = {isa = PBXFileReference; lastKnownFileType = sourcecode.swift; path = macRARApp.swift; sourceTree = "<group>"; };
		AA22000000000003 /* ContentView.swift */ = {isa = PBXFileReference; lastKnownFileType = sourcecode.swift; path = ContentView.swift; sourceTree = "<group>"; };
		AA22000000000004 /* Assets.xcassets */ = {isa = PBXFileReference; lastKnownFileType = folder.assetcatalog; path = Assets.xcassets; sourceTree = "<group>"; };
		AA22000000000005 /* macRAR.entitlements */ = {isa = PBXFileReference; lastKnownFileType = text.plist.entitlements; path = macRAR.entitlements; sourceTree = "<group>"; };
		AA22000000000006 /* rar */ = {isa = PBXFileReference; lastKnownFileType = "compiled.mach-o.executable"; path = rar; sourceTree = "<group>"; };
		AA22000000000007 /* AboutView.swift */ = {isa = PBXFileReference; lastKnownFileType = sourcecode.swift; path = AboutView.swift; sourceTree = "<group>"; };
/* End PBXFileReference section */

/* Begin PBXFrameworksBuildPhase section */
		AA33000000000001 /* Frameworks */ = {
			isa = PBXFrameworksBuildPhase;
			buildActionMask = 2147483647;
			files = ();
			runOnlyForDeploymentPostprocessing = 0;
		};
/* End PBXFrameworksBuildPhase section */

/* Begin PBXGroup section */
		AA44000000000001 = {
			isa = PBXGroup;
			children = (
				AA44000000000002 /* macRAR */,
				AA44000000000003 /* Products */,
			);
			sourceTree = "<group>";
		};
		AA44000000000002 /* macRAR */ = {
			isa = PBXGroup;
			children = (
				AA22000000000002 /* macRARApp.swift */,
				AA22000000000003 /* ContentView.swift */,
				AA22000000000007 /* AboutView.swift */,
				AA22000000000004 /* Assets.xcassets */,
				AA22000000000005 /* macRAR.entitlements */,
				AA22000000000006 /* rar */,
			);
			path = macRAR;
			sourceTree = "<group>";
		};
		AA44000000000003 /* Products */ = {
			isa = PBXGroup;
			children = (
				AA22000000000001 /* macRAR.app */,
			);
			name = Products;
			sourceTree = "<group>";
		};
/* End PBXGroup section */

/* Begin PBXNativeTarget section */
		AA55000000000001 /* macRAR */ = {
			isa = PBXNativeTarget;
			buildConfigurationList = AAAA000000000002 /* Build configuration list for PBXNativeTarget "macRAR" */;
			buildPhases = (
				AA88000000000001 /* Sources */,
				AA33000000000001 /* Frameworks */,
				AA77000000000001 /* Resources */,
				AABB000000000001 /* Fix rar permissions */,
			);
			buildRules = ();
			dependencies = ();
			name = macRAR;
			productName = macRAR;
			productReference = AA22000000000001 /* macRAR.app */;
			productType = "com.apple.product-type.application";
		};
/* End PBXNativeTarget section */

/* Begin PBXProject section */
		AA66000000000001 /* Project object */ = {
			isa = PBXProject;
			attributes = {
				BuildIndependentTargetsInParallel = 1;
				LastSwiftUpdateCheck = 1500;
				LastUpgradeCheck = 1500;
				TargetAttributes = {
					AA55000000000001 = {
						CreatedOnToolsVersion = 15.0;
					};
				};
			};
			buildConfigurationList = AAAA000000000001 /* Build configuration list for PBXProject "macRAR" */;
			compatibilityVersion = "Xcode 14.0";
			developmentRegion = en;
			hasScannedForEncodings = 0;
			knownRegions = (en, Base);
			mainGroup = AA44000000000001;
			productRefGroup = AA44000000000003 /* Products */;
			projectDirPath = "";
			projectRoot = "";
			targets = (
				AA55000000000001 /* macRAR */,
			);
		};
/* End PBXProject section */

/* Begin PBXResourcesBuildPhase section */
		AA77000000000001 /* Resources */ = {
			isa = PBXResourcesBuildPhase;
			buildActionMask = 2147483647;
			files = (
				AA11000000000003 /* Assets.xcassets in Resources */,
				AA11000000000004 /* rar in Resources */,
			);
			runOnlyForDeploymentPostprocessing = 0;
		};
/* End PBXResourcesBuildPhase section */

/* Begin PBXShellScriptBuildPhase section */
		AABB000000000001 /* Fix rar permissions */ = {
			isa = PBXShellScriptBuildPhase;
			buildActionMask = 2147483647;
			files = ();
			inputFileListPaths = ();
			inputPaths = ();
			name = "Fix rar permissions";
			outputFileListPaths = ();
			outputPaths = ();
			runOnlyForDeploymentPostprocessing = 0;
			shellPath = /bin/sh;
			shellScript = "chmod +x \"$BUILT_PRODUCTS_DIR/$CONTENTS_FOLDER_PATH/Resources/rar\"\n";
		};
/* End PBXShellScriptBuildPhase section */

/* Begin PBXSourcesBuildPhase section */
		AA88000000000001 /* Sources */ = {
			isa = PBXSourcesBuildPhase;
			buildActionMask = 2147483647;
			files = (
				AA11000000000001 /* macRARApp.swift in Sources */,
				AA11000000000002 /* ContentView.swift in Sources */,
				AA11000000000005 /* AboutView.swift in Sources */,
			);
			runOnlyForDeploymentPostprocessing = 0;
		};
/* End PBXSourcesBuildPhase section */

/* Begin XCBuildConfiguration section */
		AA99000000000001 /* Debug */ = {
			isa = XCBuildConfiguration;
			buildSettings = {
				ALWAYS_SEARCH_USER_PATHS = NO;
				CLANG_ENABLE_MODULES = YES;
				CLANG_ENABLE_OBJC_ARC = YES;
				COPY_PHASE_STRIP = NO;
				DEBUG_INFORMATION_FORMAT = dwarf;
				GCC_OPTIMIZATION_LEVEL = 0;
				GCC_PREPROCESSOR_DEFINITIONS = ("DEBUG=1", "$(inherited)");
				MACOSX_DEPLOYMENT_TARGET = 13.0;
				ONLY_ACTIVE_ARCH = YES;
				SDKROOT = macosx;
				SWIFT_ACTIVE_COMPILATION_CONDITIONS = "DEBUG $(inherited)";
				SWIFT_OPTIMIZATION_LEVEL = "-Onone";
			};
			name = Debug;
		};
		AA99000000000002 /* Release */ = {
			isa = XCBuildConfiguration;
			buildSettings = {
				ALWAYS_SEARCH_USER_PATHS = NO;
				CLANG_ENABLE_MODULES = YES;
				CLANG_ENABLE_OBJC_ARC = YES;
				COPY_PHASE_STRIP = NO;
				DEBUG_INFORMATION_FORMAT = "dwarf-with-dsym";
				ENABLE_NS_ASSERTIONS = NO;
				MACOSX_DEPLOYMENT_TARGET = 13.0;
				SDKROOT = macosx;
				SWIFT_COMPILATION_MODE = wholemodule;
			};
			name = Release;
		};
		AA99000000000003 /* Debug */ = {
			isa = XCBuildConfiguration;
			buildSettings = {
				ASSETCATALOG_COMPILER_APPICON_NAME = AppIcon;
				ASSETCATALOG_COMPILER_GLOBAL_ACCENT_COLOR_NAME = AccentColor;
				CODE_SIGN_ENTITLEMENTS = macRAR/macRAR.entitlements;
				CODE_SIGN_STYLE = Automatic;
				COMBINE_HIDPI_IMAGES = YES;
				CURRENT_PROJECT_VERSION = 1;
				ENABLE_HARDENED_RUNTIME = NO;
				GENERATE_INFOPLIST_FILE = YES;
				INFOPLIST_KEY_CFBundleDisplayName = macRAR;
				INFOPLIST_KEY_NSPrincipalClass = NSApplication;
				LD_RUNPATH_SEARCH_PATHS = ("$(inherited)", "@executable_path/../Frameworks");
				MARKETING_VERSION = 1.0;
				PRODUCT_BUNDLE_IDENTIFIER = com.macrar.app;
				PRODUCT_NAME = "$(TARGET_NAME)";
				SWIFT_EMIT_LOC_STRINGS = YES;
				SWIFT_VERSION = 5.0;
				MACOSX_DEPLOYMENT_TARGET = 13.0;
			};
			name = Debug;
		};
		AA99000000000004 /* Release */ = {
			isa = XCBuildConfiguration;
			buildSettings = {
				ASSETCATALOG_COMPILER_APPICON_NAME = AppIcon;
				ASSETCATALOG_COMPILER_GLOBAL_ACCENT_COLOR_NAME = AccentColor;
				CODE_SIGN_ENTITLEMENTS = macRAR/macRAR.entitlements;
				CODE_SIGN_STYLE = Automatic;
				COMBINE_HIDPI_IMAGES = YES;
				CURRENT_PROJECT_VERSION = 1;
				ENABLE_HARDENED_RUNTIME = NO;
				GENERATE_INFOPLIST_FILE = YES;
				INFOPLIST_KEY_CFBundleDisplayName = macRAR;
				INFOPLIST_KEY_NSPrincipalClass = NSApplication;
				LD_RUNPATH_SEARCH_PATHS = ("$(inherited)", "@executable_path/../Frameworks");
				MARKETING_VERSION = 1.0;
				PRODUCT_BUNDLE_IDENTIFIER = com.macrar.app;
				PRODUCT_NAME = "$(TARGET_NAME)";
				SWIFT_EMIT_LOC_STRINGS = YES;
				SWIFT_VERSION = 5.0;
				MACOSX_DEPLOYMENT_TARGET = 13.0;
			};
			name = Release;
		};
/* End XCBuildConfiguration section */

/* Begin XCConfigurationList section */
		AAAA000000000001 /* Build configuration list for PBXProject "macRAR" */ = {
			isa = XCConfigurationList;
			buildConfigurations = (
				AA99000000000001 /* Debug */,
				AA99000000000002 /* Release */,
			);
			defaultConfigurationIsVisible = 0;
			defaultConfigurationName = Release;
		};
		AAAA000000000002 /* Build configuration list for PBXNativeTarget "macRAR" */ = {
			isa = XCConfigurationList;
			buildConfigurations = (
				AA99000000000003 /* Debug */,
				AA99000000000004 /* Release */,
			);
			defaultConfigurationIsVisible = 0;
			defaultConfigurationName = Release;
		};
/* End XCConfigurationList section */
	};
	rootObject = AA66000000000001 /* Project object */;
}
